# This file is automatically @generated by Cargo.
# It is not intended for manual editing.
version = 3

[[package]]
name = "aho-corasick"
version = "0.7.18"
source = "registry+https://github.com/rust-lang/crates.io-index"
checksum = "1e37cfd5e7657ada45f742d6e99ca5788580b5c529dc78faf11ece6dc702656f"
dependencies = [
 "memchr",
]

[[package]]
name = "autocfg"
version = "0.1.5"
source = "registry+https://github.com/rust-lang/crates.io-index"
checksum = "22130e92352b948e7e82a49cdb0aa94f2211761117f29e052dd397c1ac33542b"

[[package]]
name = "chocoSocks"
version = "0.1.0"
dependencies = [
 "cpython",
 "serde",
 "serde_json",
]

[[package]]
name = "cpython"
version = "0.2.1"
source = "registry+https://github.com/rust-lang/crates.io-index"
checksum = "b489034e723e7f5109fecd19b719e664f89ef925be785885252469e9822fa940"
dependencies = [
 "libc",
 "num-traits",
 "python3-sys",
]

[[package]]
name = "itoa"
version = "0.4.4"
source = "registry+https://github.com/rust-lang/crates.io-index"
checksum = "501266b7edd0174f8530248f87f99c88fbe60ca4ef3dd486835b8d8d53136f7f"

[[package]]
name = "libc"
version = "0.2.60"
source = "registry+https://github.com/rust-lang/crates.io-index"
checksum = "d44e80633f007889c7eff624b709ab43c92d708caad982295768a7b13ca3b5eb"

[[package]]
name = "memchr"
version = "2.5.0"
source = "registry+https://github.com/rust-lang/crates.io-index"
checksum = "2dffe52ecf27772e601905b7522cb4ef790d2cc203488bbd0e2fe85fcb74566d"

[[package]]
name = "num-traits"
version = "0.2.8"
source = "registry+https://github.com/rust-lang/crates.io-index"
checksum = "6ba9a427cfca2be13aa6f6403b0b7e7368fe982bfa16fccc450ce74c46cd9b32"
dependencies = [
 "autocfg",
]

[[package]]
name = "proc-macro2"
version = "0.4.30"
source = "registry+https://github.com/rust-lang/crates.io-index"
checksum = "cf3d2011ab5c909338f7887f4fc896d35932e29146c12c8d01da6b22a80ba759"
dependencies = [
 "unicode-xid",
]

[[package]]
name = "python3-sys"
version = "0.2.1"
source = "registry+https://github.com/rust-lang/crates.io-index"
checksum = "61e4aac43f833fd637e429506cb2ac9d7df672c4b68f2eaaa163649b7fdc0444"
dependencies = [
 "libc",
 "regex",
]

[[package]]
name = "quote"
version = "0.6.13"
source = "registry+https://github.com/rust-lang/crates.io-index"
checksum = "6ce23b6b870e8f94f81fb0a363d65d86675884b34a09043c81e5562f11c1f8e1"
dependencies = [
 "proc-macro2",
]

[[package]]
name = "regex"
version = "1.5.6"
source = "registry+https://github.com/rust-lang/crates.io-index"
checksum = "d83f127d94bdbcda4c8cc2e50f6f84f4b611f69c902699ca385a39c3a75f9ff1"
dependencies = [
 "aho-corasick",
 "memchr",
 "regex-syntax",
]

[[package]]
name = "regex-syntax"
version = "0.6.26"
source = "registry+https://github.com/rust-lang/crates.io-index"
checksum = "49b3de9ec5dc0a3417da371aab17d729997c15010e7fd24ff707773a33bddb64"

[[package]]
name = "ryu"
version = "1.0.0"
source = "registry+https://github.com/rust-lang/crates.io-index"
checksum = "c92464b447c0ee8c4fb3824ecc8383b81717b9f1e74ba2e72540aef7b9f82997"

[[package]]
name = "serde"
version = "1.0.97"
source = "registry+https://github.com/rust-lang/crates.io-index"
checksum = "d46b3dfedb19360a74316866cef04687cd4d6a70df8e6a506c63512790769b72"
dependencies = [
 "serde_derive",
]

[[package]]
name = "serde_derive"
version = "1.0.97"
source = "registry+https://github.com/rust-lang/crates.io-index"
checksum = "c22a0820adfe2f257b098714323563dd06426502abbbce4f51b72ef544c5027f"
dependencies = [
 "proc-macro2",
 "quote",
 "syn",
]

[[package]]
name = "serde_json"
version = "1.0.40"
source = "registry+https://github.com/rust-lang/crates.io-index"
checksum = "051c49229f282f7c6f3813f8286cc1e3323e8051823fce42c7ea80fe13521704"
dependencies = [
 "itoa",
 "ryu",
 "serde",
]

[[package]]
name = "syn"
version = "0.15.40"
source = "registry+https://github.com/rust-lang/crates.io-index"
checksum = "bc945221ccf4a7e8c31222b9d1fc77aefdd6638eb901a6ce457a3dc29d4c31e8"
dependencies = [
 "proc-macro2",
 "quote",
 "unicode-xid",
]

[[package]]
name = "unicode-xid"
version = "0.1.0"
source = "registry+https://github.com/rust-lang/crates.io-index"
checksum = "fc72304796d0818e357ead4e000d19c9c174ab23dc11093ac919054d20a6a7fc"
