
Microsoft Visual Studio Solution File, Format Version 12.00
# Visual Studio 15
VisualStudioVersion = 15.0.28307.168
MinimumVisualStudioVersion = 10.0.40219.1
Project("{8BC9CEB8-8B4A-11D0-8D11-00A0C91BC942}") = "chocoDLL", "UDPMitmClient\UDPMitmClient.vcxproj", "{2E247564-E9A0-4D59-952D-05902823B5E0}"
EndProject
Project("{FAE04EC0-301F-11D3-BF4B-00C04F79EFBC}") = "chocoGUI", "UDPMitmGUI\chocoGUI.csproj", "{156E39A0-69F2-43AD-8193-77F342690521}"
EndProject
Project("{8BC9CEB8-8B4A-11D0-8D11-00A0C91BC942}") = "chocoInjector", "DLLInjector\DLLInjector.vcxproj", "{2DFFE231-4848-45F6-B902-E75C48490B07}"
EndProject
Project("{8BC9CEB8-8B4A-11D0-8D11-00A0C91BC942}") = "chocoSOCKSDLL", "chocoSOCKSDLL\chocoSOCKSDLL.vcxproj", "{856A51ED-DC9C-4D6F-AD98-30653E75E5DC}"
EndProject
Global
	GlobalSection(SolutionConfigurationPlatforms) = preSolution
		Debug|Any CPU = Debug|Any CPU
		Debug|x64 = Debug|x64
		Debug|x86 = Debug|x86
		Release|Any CPU = Release|Any CPU
		Release|x64 = Release|x64
		Release|x86 = Release|x86
	EndGlobalSection
	GlobalSection(ProjectConfigurationPlatforms) = postSolution
		{2E247564-E9A0-4D59-952D-05902823B5E0}.Debug|Any CPU.ActiveCfg = Debug|Win32
		{2E247564-E9A0-4D59-952D-05902823B5E0}.Debug|x64.ActiveCfg = Debug|x64
		{2E247564-E9A0-4D59-952D-05902823B5E0}.Debug|x64.Build.0 = Debug|x64
		{2E247564-E9A0-4D59-952D-05902823B5E0}.Debug|x86.ActiveCfg = Debug|Win32
		{2E247564-E9A0-4D59-952D-05902823B5E0}.Debug|x86.Build.0 = Debug|Win32
		{2E247564-E9A0-4D59-952D-05902823B5E0}.Release|Any CPU.ActiveCfg = Release|Win32
		{2E247564-E9A0-4D59-952D-05902823B5E0}.Release|x64.ActiveCfg = Release|x64
		{2E247564-E9A0-4D59-952D-05902823B5E0}.Release|x64.Build.0 = Release|x64
		{2E247564-E9A0-4D59-952D-05902823B5E0}.Release|x86.ActiveCfg = Release|Win32
		{2E247564-E9A0-4D59-952D-05902823B5E0}.Release|x86.Build.0 = Release|Win32
		{156E39A0-69F2-43AD-8193-77F342690521}.Debug|Any CPU.ActiveCfg = Debug|Any CPU
		{156E39A0-69F2-43AD-8193-77F342690521}.Debug|Any CPU.Build.0 = Debug|Any CPU
		{156E39A0-69F2-43AD-8193-77F342690521}.Debug|x64.ActiveCfg = Debug|Any CPU
		{156E39A0-69F2-43AD-8193-77F342690521}.Debug|x64.Build.0 = Debug|Any CPU
		{156E39A0-69F2-43AD-8193-77F342690521}.Debug|x86.ActiveCfg = Debug|Any CPU
		{156E39A0-69F2-43AD-8193-77F342690521}.Debug|x86.Build.0 = Debug|Any CPU
		{156E39A0-69F2-43AD-8193-77F342690521}.Release|Any CPU.ActiveCfg = Release|Any CPU
		{156E39A0-69F2-43AD-8193-77F342690521}.Release|Any CPU.Build.0 = Release|Any CPU
		{156E39A0-69F2-43AD-8193-77F342690521}.Release|x64.ActiveCfg = Release|Any CPU
		{156E39A0-69F2-43AD-8193-77F342690521}.Release|x64.Build.0 = Release|Any CPU
		{156E39A0-69F2-43AD-8193-77F342690521}.Release|x86.ActiveCfg = Release|Any CPU
		{156E39A0-69F2-43AD-8193-77F342690521}.Release|x86.Build.0 = Release|Any CPU
		{2DFFE231-4848-45F6-B902-E75C48490B07}.Debug|Any CPU.ActiveCfg = Debug|Win32
		{2DFFE231-4848-45F6-B902-E75C48490B07}.Debug|x64.ActiveCfg = Debug|x64
		{2DFFE231-4848-45F6-B902-E75C48490B07}.Debug|x64.Build.0 = Debug|x64
		{2DFFE231-4848-45F6-B902-E75C48490B07}.Debug|x86.ActiveCfg = Debug|Win32
		{2DFFE231-4848-45F6-B902-E75C48490B07}.Debug|x86.Build.0 = Debug|Win32
		{2DFFE231-4848-45F6-B902-E75C48490B07}.Release|Any CPU.ActiveCfg = Release|Win32
		{2DFFE231-4848-45F6-B902-E75C48490B07}.Release|x64.ActiveCfg = Release|x64
		{2DFFE231-4848-45F6-B902-E75C48490B07}.Release|x64.Build.0 = Release|x64
		{2DFFE231-4848-45F6-B902-E75C48490B07}.Release|x86.ActiveCfg = Release|Win32
		{2DFFE231-4848-45F6-B902-E75C48490B07}.Release|x86.Build.0 = Release|Win32
		{856A51ED-DC9C-4D6F-AD98-30653E75E5DC}.Debug|Any CPU.ActiveCfg = Debug|Win32
		{856A51ED-DC9C-4D6F-AD98-30653E75E5DC}.Debug|x64.ActiveCfg = Debug|x64
		{856A51ED-DC9C-4D6F-AD98-30653E75E5DC}.Debug|x64.Build.0 = Debug|x64
		{856A51ED-DC9C-4D6F-AD98-30653E75E5DC}.Debug|x86.ActiveCfg = Debug|Win32
		{856A51ED-DC9C-4D6F-AD98-30653E75E5DC}.Debug|x86.Build.0 = Debug|Win32
		{856A51ED-DC9C-4D6F-AD98-30653E75E5DC}.Release|Any CPU.ActiveCfg = Release|Win32
		{856A51ED-DC9C-4D6F-AD98-30653E75E5DC}.Release|x64.ActiveCfg = Release|x64
		{856A51ED-DC9C-4D6F-AD98-30653E75E5DC}.Release|x64.Build.0 = Release|x64
		{856A51ED-DC9C-4D6F-AD98-30653E75E5DC}.Release|x86.ActiveCfg = Release|Win32
		{856A51ED-DC9C-4D6F-AD98-30653E75E5DC}.Release|x86.Build.0 = Release|Win32
	EndGlobalSection
	GlobalSection(SolutionProperties) = preSolution
		HideSolutionNode = FALSE
	EndGlobalSection
	GlobalSection(ExtensibilityGlobals) = postSolution
		SolutionGuid = {DF043803-CF08-4C79-AA9A-6849CBD37900}
	EndGlobalSection
EndGlobal
