<?xml version="1.0" encoding="utf-8"?>
<Project ToolsVersion="4.0" xmlns="http://schemas.microsoft.com/developer/msbuild/2003">
  <ItemGroup>
    <ClCompile Include="main.cpp" />
    <ClCompile Include="..\UDPMitmClient\x64_hook.cpp">
      <Filter>cHooks</Filter>
    </ClCompile>
    <ClCompile Include="..\UDPMitmClient\x86_hook.cpp">
      <Filter>cHooks</Filter>
    </ClCompile>
  </ItemGroup>
  <ItemGroup>
    <Filter Include="cHooks">
      <UniqueIdentifier>{21bacb68-7930-4b15-8509-1c28bd762da8}</UniqueIdentifier>
    </Filter>
  </ItemGroup>
  <ItemGroup>
    <ClInclude Include="..\UDPMitmClient\x64_hook.hpp">
      <Filter>cHooks</Filter>
    </ClInclude>
    <ClInclude Include="..\UDPMitmClient\x86_hook.hpp">
      <Filter>cHooks</Filter>
    </ClInclude>
  </ItemGroup>
</Project>